Microsoft Visual Studio Solution File, Format Version 12.00
# Visual Studio Version 17
VisualStudioVersion = 17.8.0.0
MinimumVisualStudioVersion = 17.8.0.0
Project("{9A19103F-16F7-4668-BE54-9A1E7A4F7556}") = "MapShare.AppHost", "MapShare.AppHost\MapShare.AppHost.csproj", "{4BE8AC2E-3E53-4B08-B264-9C38FED91490}"
EndProject
Project("{9A19103F-16F7-4668-BE54-9A1E7A4F7556}") = "MapShare.ServiceDefaults", "MapShare.ServiceDefaults\MapShare.ServiceDefaults.csproj", "{384D1519-B2C3-477C-83A2-F9357E01AD34}"
EndProject
Project("{9A19103F-16F7-4668-BE54-9A1E7A4F7556}") = "MapShare.ApiService", "MapShare.ApiService\MapShare.ApiService.csproj", "{C0D659B0-C8F0-48A5-ADD1-41F32403275F}"
EndProject
Global
	GlobalSection(SolutionConfigurationPlatforms) = preSolution
		Debug|Any CPU = Debug|Any CPU
		Release|Any CPU = Release|Any CPU
	EndGlobalSection
	GlobalSection(ProjectConfigurationPlatforms) = postSolution
		{4BE8AC2E-3E53-4B08-B264-9C38FED91490}.Debug|Any CPU.ActiveCfg = Debug|Any CPU
		{4BE8AC2E-3E53-4B08-B264-9C38FED91490}.Debug|Any CPU.Build.0 = Debug|Any CPU
		{4BE8AC2E-3E53-4B08-B264-9C38FED91490}.Release|Any CPU.ActiveCfg = Release|Any CPU
		{4BE8AC2E-3E53-4B08-B264-9C38FED91490}.Release|Any CPU.Build.0 = Release|Any CPU
		{384D1519-B2C3-477C-83A2-F9357E01AD34}.Debug|Any CPU.ActiveCfg = Debug|Any CPU
		{384D1519-B2C3-477C-83A2-F9357E01AD34}.Debug|Any CPU.Build.0 = Debug|Any CPU
		{384D1519-B2C3-477C-83A2-F9357E01AD34}.Release|Any CPU.ActiveCfg = Release|Any CPU
		{384D1519-B2C3-477C-83A2-F9357E01AD34}.Release|Any CPU.Build.0 = Release|Any CPU
		{C0D659B0-C8F0-48A5-ADD1-41F32403275F}.Debug|Any CPU.ActiveCfg = Debug|Any CPU
		{C0D659B0-C8F0-48A5-ADD1-41F32403275F}.Debug|Any CPU.Build.0 = Debug|Any CPU
		{C0D659B0-C8F0-48A5-ADD1-41F32403275F}.Release|Any CPU.ActiveCfg = Release|Any CPU
		{C0D659B0-C8F0-48A5-ADD1-41F32403275F}.Release|Any CPU.Build.0 = Release|Any CPU
	EndGlobalSection
	GlobalSection(SolutionProperties) = preSolution
		HideSolutionNode = FALSE
	EndGlobalSection
	GlobalSection(ExtensibilityGlobals) = postSolution
		SolutionGuid = {D8C2835F-DBA0-474B-A09C-E2789F18D53A}
	EndGlobalSection
EndGlobal
